
Microsoft Visual Studio Solution File, Format Version 12.00
# Visual Studio Version 16
VisualStudioVersion = 16.0.32228.343
MinimumVisualStudioVersion = 10.0.40219.1
Project("{2150E333-8FDC-42A3-9474-1A3956D46DE8}") = "Samples", "Samples", "{EE7ACF1F-56D3-4A01-8262-A49A8B444639}"
EndProject
Project("{2150E333-8FDC-42A3-9474-1A3956D46DE8}") = "Source", "Source", "{A155C82A-42DC-4206-8DA8-C9C8CC3BFFE2}"
EndProject
Project("{2150E333-8FDC-42A3-9474-1A3956D46DE8}") = "Solution Items", "Solution Items", "{833D0345-46F0-486E-9BEF-5269405683F8}"
	ProjectSection(SolutionItems) = preProject
		..\..\..\Source\Repos\Bing-Maps-V8-TypeScript-Definitions\.gitignore = ..\..\..\Source\Repos\Bing-Maps-V8-TypeScript-Definitions\.gitignore
		CHANGELOG.md = CHANGELOG.md
		CONTRIBUTING.md = CONTRIBUTING.md
		LICENSE.md = LICENSE.md
		README.md = README.md
	EndProjectSection
EndProject
Project("{2150E333-8FDC-42A3-9474-1A3956D46DE8}") = "WPF", "WPF", "{26E65B0F-9554-408A-95D4-BDEC52945FC3}"
EndProject
Project("{FAE04EC0-301F-11D3-BF4B-00C04F79EFBC}") = "RESTToolkitTestApp", "Samples\WPF\RESTToolkitTestApp\RESTToolkitTestApp.csproj", "{4E8E6F9A-14C5-4758-B96F-D18B5B923075}"
EndProject
Project("{FAE04EC0-301F-11D3-BF4B-00C04F79EFBC}") = "BingMapsRESTToolkit", "Source\BingMapsRESTToolkit.csproj", "{AC15CCAC-63B7-43EB-A1CB-25925F04398B}"
EndProject
Project("{2150E333-8FDC-42A3-9474-1A3956D46DE8}") = "Console", "Console", "{80170A9E-5ACF-483A-8A8E-18CA7B0C9A34}"
EndProject
Project("{FAE04EC0-301F-11D3-BF4B-00C04F79EFBC}") = "RESTToolkitTestConsoleApp", "Samples\Console\RESTToolkitTestConsoleApp\RESTToolkitTestConsoleApp.csproj", "{3BE4FCCE-768A-4ABE-AF3E-938B5D884AC8}"
	ProjectSection(ProjectDependencies) = postProject
		{F30DC2E6-FE4F-4F0B-BD52-CDA1940CAC4F} = {F30DC2E6-FE4F-4F0B-BD52-CDA1940CAC4F}
	EndProjectSection
EndProject
Project("{9A19103F-16F7-4668-BE54-9A1E7A4F7556}") = "BingMapsRESTToolkit.Standard", "Source\BingMapsRESTToolkit.Standard\BingMapsRESTToolkit.Standard.csproj", "{F30DC2E6-FE4F-4F0B-BD52-CDA1940CAC4F}"
EndProject
Project("{FAE04EC0-301F-11D3-BF4B-00C04F79EFBC}") = "RESTToolkitTestConsoleApp.NetStandard", "Samples\Console\RESTToolkitTestConsoleApp.NetStandard\RESTToolkitTestConsoleApp.NetStandard.csproj", "{1BCB3853-DAFE-4B33-9888-23666A1040B9}"
EndProject
Project("{2150E333-8FDC-42A3-9474-1A3956D46DE8}") = "Docs", "Docs", "{5F797BB6-13E8-4A02-BC01-613FC791EB41}"
	ProjectSection(SolutionItems) = preProject
		Docs\API Reference.md = Docs\API Reference.md
		Docs\Getting Started.md = Docs\Getting Started.md
		Docs\Readme.md = Docs\Readme.md
	EndProjectSection
EndProject
Project("{FAE04EC0-301F-11D3-BF4B-00C04F79EFBC}") = "TravellingSalesmenRouteSample", "Samples\WPF\TravellingSalesmenRouteSample\TravellingSalesmenRouteSample.csproj", "{5173922A-0160-4EE1-9AD8-F629B23CFE71}"
EndProject
Project("{FAE04EC0-301F-11D3-BF4B-00C04F79EFBC}") = "MultiRouteOptimizationSample", "Samples\WPF\MultiRouteOptimizationSample\MultiRouteOptimizationSample.csproj", "{9AEB32AD-D999-4E5F-8CB7-B6A0727DA12A}"
EndProject
Global
	GlobalSection(SolutionConfigurationPlatforms) = preSolution
		Debug|Any CPU = Debug|Any CPU
		Release|Any CPU = Release|Any CPU
	EndGlobalSection
	GlobalSection(ProjectConfigurationPlatforms) = postSolution
		{4E8E6F9A-14C5-4758-B96F-D18B5B923075}.Debug|Any CPU.ActiveCfg = Debug|Any CPU
		{4E8E6F9A-14C5-4758-B96F-D18B5B923075}.Debug|Any CPU.Build.0 = Debug|Any CPU
		{4E8E6F9A-14C5-4758-B96F-D18B5B923075}.Release|Any CPU.ActiveCfg = Release|Any CPU
		{4E8E6F9A-14C5-4758-B96F-D18B5B923075}.Release|Any CPU.Build.0 = Release|Any CPU
		{AC15CCAC-63B7-43EB-A1CB-25925F04398B}.Debug|Any CPU.ActiveCfg = Debug|Any CPU
		{AC15CCAC-63B7-43EB-A1CB-25925F04398B}.Debug|Any CPU.Build.0 = Debug|Any CPU
		{AC15CCAC-63B7-43EB-A1CB-25925F04398B}.Release|Any CPU.ActiveCfg = Release|Any CPU
		{AC15CCAC-63B7-43EB-A1CB-25925F04398B}.Release|Any CPU.Build.0 = Release|Any CPU
		{3BE4FCCE-768A-4ABE-AF3E-938B5D884AC8}.Debug|Any CPU.ActiveCfg = Debug|Any CPU
		{3BE4FCCE-768A-4ABE-AF3E-938B5D884AC8}.Debug|Any CPU.Build.0 = Debug|Any CPU
		{3BE4FCCE-768A-4ABE-AF3E-938B5D884AC8}.Release|Any CPU.ActiveCfg = Release|Any CPU
		{3BE4FCCE-768A-4ABE-AF3E-938B5D884AC8}.Release|Any CPU.Build.0 = Release|Any CPU
		{F30DC2E6-FE4F-4F0B-BD52-CDA1940CAC4F}.Debug|Any CPU.ActiveCfg = Debug|Any CPU
		{F30DC2E6-FE4F-4F0B-BD52-CDA1940CAC4F}.Debug|Any CPU.Build.0 = Debug|Any CPU
		{F30DC2E6-FE4F-4F0B-BD52-CDA1940CAC4F}.Release|Any CPU.ActiveCfg = Release|Any CPU
		{F30DC2E6-FE4F-4F0B-BD52-CDA1940CAC4F}.Release|Any CPU.Build.0 = Release|Any CPU
		{1BCB3853-DAFE-4B33-9888-23666A1040B9}.Debug|Any CPU.ActiveCfg = Debug|Any CPU
		{1BCB3853-DAFE-4B33-9888-23666A1040B9}.Debug|Any CPU.Build.0 = Debug|Any CPU
		{1BCB3853-DAFE-4B33-9888-23666A1040B9}.Release|Any CPU.ActiveCfg = Release|Any CPU
		{1BCB3853-DAFE-4B33-9888-23666A1040B9}.Release|Any CPU.Build.0 = Release|Any CPU
		{5173922A-0160-4EE1-9AD8-F629B23CFE71}.Debug|Any CPU.ActiveCfg = Debug|Any CPU
		{5173922A-0160-4EE1-9AD8-F629B23CFE71}.Debug|Any CPU.Build.0 = Debug|Any CPU
		{5173922A-0160-4EE1-9AD8-F629B23CFE71}.Release|Any CPU.ActiveCfg = Release|Any CPU
		{5173922A-0160-4EE1-9AD8-F629B23CFE71}.Release|Any CPU.Build.0 = Release|Any CPU
		{9AEB32AD-D999-4E5F-8CB7-B6A0727DA12A}.Debug|Any CPU.ActiveCfg = Debug|Any CPU
		{9AEB32AD-D999-4E5F-8CB7-B6A0727DA12A}.Debug|Any CPU.Build.0 = Debug|Any CPU
		{9AEB32AD-D999-4E5F-8CB7-B6A0727DA12A}.Release|Any CPU.ActiveCfg = Release|Any CPU
		{9AEB32AD-D999-4E5F-8CB7-B6A0727DA12A}.Release|Any CPU.Build.0 = Release|Any CPU
	EndGlobalSection
	GlobalSection(SolutionProperties) = preSolution
		HideSolutionNode = FALSE
	EndGlobalSection
	GlobalSection(NestedProjects) = preSolution
		{26E65B0F-9554-408A-95D4-BDEC52945FC3} = {EE7ACF1F-56D3-4A01-8262-A49A8B444639}
		{4E8E6F9A-14C5-4758-B96F-D18B5B923075} = {26E65B0F-9554-408A-95D4-BDEC52945FC3}
		{AC15CCAC-63B7-43EB-A1CB-25925F04398B} = {A155C82A-42DC-4206-8DA8-C9C8CC3BFFE2}
		{80170A9E-5ACF-483A-8A8E-18CA7B0C9A34} = {EE7ACF1F-56D3-4A01-8262-A49A8B444639}
		{3BE4FCCE-768A-4ABE-AF3E-938B5D884AC8} = {80170A9E-5ACF-483A-8A8E-18CA7B0C9A34}
		{F30DC2E6-FE4F-4F0B-BD52-CDA1940CAC4F} = {A155C82A-42DC-4206-8DA8-C9C8CC3BFFE2}
		{1BCB3853-DAFE-4B33-9888-23666A1040B9} = {80170A9E-5ACF-483A-8A8E-18CA7B0C9A34}
		{5F797BB6-13E8-4A02-BC01-613FC791EB41} = {833D0345-46F0-486E-9BEF-5269405683F8}
		{5173922A-0160-4EE1-9AD8-F629B23CFE71} = {26E65B0F-9554-408A-95D4-BDEC52945FC3}
		{9AEB32AD-D999-4E5F-8CB7-B6A0727DA12A} = {26E65B0F-9554-408A-95D4-BDEC52945FC3}
	EndGlobalSection
	GlobalSection(ExtensibilityGlobals) = postSolution
		SolutionGuid = {C3DB70BA-969B-47D7-8A77-65B190E2CC81}
	EndGlobalSection
EndGlobal
